// !$*UTF8*$!
{
	archiveVersion = 1;
	classes = {
	};
	objectVersion = 90;
	objects = {

/* Begin PBXBuildFile section */
		C16C55062DE2B5A400C82251 /* NIOHTTP2 in Frameworks */ = {isa = PBXBuildFile; productRef = C16C55052DE2B5A400C82251 /* NIOHTTP2 */; };
		C16C55092DE2B95700C82251 /* GRPCNIOTransportHTTP2 in Frameworks */ = {isa = PBXBuildFile; productRef = C16C55082DE2B95700C82251 /* GRPCNIOTransportHTTP2 */; };
		C16C550B2DE2B95700C82251 /* GRPCNIOTransportHTTP2Posix in Frameworks */ = {isa = PBXBuildFile; productRef = C16C550A2DE2B95700C82251 /* GRPCNIOTransportHTTP2Posix */; };
		C16C550D2DE2B95700C82251 /* GRPCNIOTransportHTTP2TransportServices in Frameworks */ = {isa = PBXBuildFile; productRef = C16C550C2DE2B95700C82251 /* GRPCNIOTransportHTTP2TransportServices */; };
		C16C552C2DE33A0F00C82251 /* GRPCProtobuf in Frameworks */ = {isa = PBXBuildFile; productRef = C16C552B2DE33A0F00C82251 /* GRPCProtobuf */; };
		C17874942DDF4A330034BF31 /* GRPCCodeGen in Frameworks */ = {isa = PBXBuildFile; productRef = C17874932DDF4A330034BF31 /* GRPCCodeGen */; };
		C17874962DDF4A330034BF31 /* GRPCCore in Frameworks */ = {isa = PBXBuildFile; productRef = C17874952DDF4A330034BF31 /* GRPCCore */; };
		C17874982DDF4A330034BF31 /* GRPCInProcessTransport in Frameworks */ = {isa = PBXBuildFile; productRef = C17874972DDF4A330034BF31 /* GRPCInProcessTransport */; };
		C178749B2DDF4A8E0034BF31 /* SwiftProtobuf in Frameworks */ = {isa = PBXBuildFile; productRef = C178749A2DDF4A8E0034BF31 /* SwiftProtobuf */; };
		C178749D2DDF4A8E0034BF31 /* SwiftProtobufPluginLibrary in Frameworks */ = {isa = PBXBuildFile; productRef = C178749C2DDF4A8E0034BF31 /* SwiftProtobufPluginLibrary */; };
		C17874A32DDF4D900034BF31 /* NIO in Frameworks */ = {isa = PBXBuildFile; productRef = C17874A22DDF4D900034BF31 /* NIO */; };
		C17874A52DDF55C90034BF31 /* NIOConcurrencyHelpers in Frameworks */ = {isa = PBXBuildFile; productRef = C17874A42DDF55C90034BF31 /* NIOConcurrencyHelpers */; };
		C17874A72DDF55C90034BF31 /* NIOCore in Frameworks */ = {isa = PBXBuildFile; productRef = C17874A62DDF55C90034BF31 /* NIOCore */; };
		C17874A92DDF55C90034BF31 /* NIOPosix in Frameworks */ = {isa = PBXBuildFile; productRef = C17874A82DDF55C90034BF31 /* NIOPosix */; };
		C17874AB2DDF55C90034BF31 /* NIOWebSocket in Frameworks */ = {isa = PBXBuildFile; productRef = C17874AA2DDF55C90034BF31 /* NIOWebSocket */; };
/* End PBXBuildFile section */

/* Begin PBXFileReference section */
		C178747A2DDF3F110034BF31 /* grpc_client_ios.app */ = {isa = PBXFileReference; explicitFileType = wrapper.application; includeInIndex = 0; path = grpc_client_ios.app; sourceTree = BUILT_PRODUCTS_DIR; };
/* End PBXFileReference section */

/* Begin PBXFileSystemSynchronizedRootGroup section */
		C178747C2DDF3F110034BF31 /* grpc_client_ios */ = {
			isa = PBXFileSystemSynchronizedRootGroup;
			path = grpc_client_ios;
			sourceTree = "<group>";
		};
/* End PBXFileSystemSynchronizedRootGroup section */

/* Begin PBXFrameworksBuildPhase section */
		C17874772DDF3F110034BF31 /* Frameworks */ = {
			isa = PBXFrameworksBuildPhase;
			files = (
				C16C550D2DE2B95700C82251 /* GRPCNIOTransportHTTP2TransportServices in Frameworks */,
				C17874942DDF4A330034BF31 /* GRPCCodeGen in Frameworks */,
				C17874A92DDF55C90034BF31 /* NIOPosix in Frameworks */,
				C17874962DDF4A330034BF31 /* GRPCCore in Frameworks */,
				C178749D2DDF4A8E0034BF31 /* SwiftProtobufPluginLibrary in Frameworks */,
				C17874A32DDF4D900034BF31 /* NIO in Frameworks */,
				C17874AB2DDF55C90034BF31 /* NIOWebSocket in Frameworks */,
				C16C55092DE2B95700C82251 /* GRPCNIOTransportHTTP2 in Frameworks */,
				C16C55062DE2B5A400C82251 /* NIOHTTP2 in Frameworks */,
				C16C552C2DE33A0F00C82251 /* GRPCProtobuf in Frameworks */,
				C17874A52DDF55C90034BF31 /* NIOConcurrencyHelpers in Frameworks */,
				C16C550B2DE2B95700C82251 /* GRPCNIOTransportHTTP2Posix in Frameworks */,
				C17874982DDF4A330034BF31 /* GRPCInProcessTransport in Frameworks */,
				C17874A72DDF55C90034BF31 /* NIOCore in Frameworks */,
				C178749B2DDF4A8E0034BF31 /* SwiftProtobuf in Frameworks */,
			);
		};
/* End PBXFrameworksBuildPhase section */

/* Begin PBXGroup section */
		C17874712DDF3F110034BF31 = {
			isa = PBXGroup;
			children = (
				C178747C2DDF3F110034BF31 /* grpc_client_ios */,
				C178747B2DDF3F110034BF31 /* Products */,
			);
			sourceTree = "<group>";
		};
		C178747B2DDF3F110034BF31 /* Products */ = {
			isa = PBXGroup;
			children = (
				C178747A2DDF3F110034BF31 /* grpc_client_ios.app */,
			);
			name = Products;
			sourceTree = "<group>";
		};
/* End PBXGroup section */

/* Begin PBXNativeTarget section */
		C17874792DDF3F110034BF31 /* grpc_client_ios */ = {
			isa = PBXNativeTarget;
			buildConfigurationList = C17874852DDF3F140034BF31 /* Build configuration list for PBXNativeTarget "grpc_client_ios" */;
			buildPhases = (
				C17874762DDF3F110034BF31 /* Sources */,
				C17874772DDF3F110034BF31 /* Frameworks */,
				C17874782DDF3F110034BF31 /* Resources */,
			);
			buildRules = (
			);
			fileSystemSynchronizedGroups = (
				C178747C2DDF3F110034BF31 /* grpc_client_ios */,
			);
			name = grpc_client_ios;
			packageProductDependencies = (
				C17874932DDF4A330034BF31 /* GRPCCodeGen */,
				C17874952DDF4A330034BF31 /* GRPCCore */,
				C17874972DDF4A330034BF31 /* GRPCInProcessTransport */,
				C178749A2DDF4A8E0034BF31 /* SwiftProtobuf */,
				C178749C2DDF4A8E0034BF31 /* SwiftProtobufPluginLibrary */,
				C17874A22DDF4D900034BF31 /* NIO */,
				C17874A42DDF55C90034BF31 /* NIOConcurrencyHelpers */,
				C17874A62DDF55C90034BF31 /* NIOCore */,
				C17874A82DDF55C90034BF31 /* NIOPosix */,
				C17874AA2DDF55C90034BF31 /* NIOWebSocket */,
				C16C55052DE2B5A400C82251 /* NIOHTTP2 */,
				C16C55082DE2B95700C82251 /* GRPCNIOTransportHTTP2 */,
				C16C550A2DE2B95700C82251 /* GRPCNIOTransportHTTP2Posix */,
				C16C550C2DE2B95700C82251 /* GRPCNIOTransportHTTP2TransportServices */,
				C16C552B2DE33A0F00C82251 /* GRPCProtobuf */,
			);
			productName = grpc_client_ios;
			productReference = C178747A2DDF3F110034BF31 /* grpc_client_ios.app */;
			productType = "com.apple.product-type.application";
		};
/* End PBXNativeTarget section */

/* Begin PBXProject section */
		C17874722DDF3F110034BF31 /* Project object */ = {
			isa = PBXProject;
			attributes = {
				BuildIndependentTargetsInParallel = 1;
				LastSwiftUpdateCheck = 1630;
				LastUpgradeCheck = 1630;
				TargetAttributes = {
					C17874792DDF3F110034BF31 = {
						CreatedOnToolsVersion = 16.3;
					};
				};
			};
			buildConfigurationList = C17874752DDF3F110034BF31 /* Build configuration list for PBXProject "grpc_client_ios" */;
			developmentRegion = en;
			hasScannedForEncodings = 0;
			knownRegions = (
				en,
				Base,
			);
			mainGroup = C17874712DDF3F110034BF31;
			minimizedProjectReferenceProxies = 1;
			packageReferences = (
				C17874922DDF4A330034BF31 /* XCRemoteSwiftPackageReference "grpc-swift" */,
				C17874992DDF4A8E0034BF31 /* XCRemoteSwiftPackageReference "swift-protobuf" */,
				C17874A12DDF4D900034BF31 /* XCRemoteSwiftPackageReference "swift-nio" */,
				C16C55042DE2B5A400C82251 /* XCRemoteSwiftPackageReference "swift-nio-http2" */,
				C16C55072DE2B95700C82251 /* XCRemoteSwiftPackageReference "grpc-swift-nio-transport" */,
				C16C552A2DE33A0F00C82251 /* XCRemoteSwiftPackageReference "grpc-swift-protobuf" */,
			);
			preferredProjectObjectVersion = 90;
			productRefGroup = C178747B2DDF3F110034BF31 /* Products */;
			projectDirPath = "";
			projectRoot = "";
			targets = (
				C17874792DDF3F110034BF31 /* grpc_client_ios */,
			);
		};
/* End PBXProject section */

/* Begin PBXResourcesBuildPhase section */
		C17874782DDF3F110034BF31 /* Resources */ = {
			isa = PBXResourcesBuildPhase;
			files = (
			);
		};
/* End PBXResourcesBuildPhase section */

/* Begin PBXSourcesBuildPhase section */
		C17874762DDF3F110034BF31 /* Sources */ = {
			isa = PBXSourcesBuildPhase;
			files = (
			);
		};
/* End PBXSourcesBuildPhase section */

/* Begin XCBuildConfiguration section */
		C17874832DDF3F140034BF31 /* Debug configuration for PBXProject "grpc_client_ios" */ = {
			isa = XCBuildConfiguration;
			buildSettings = {
				ALWAYS_SEARCH_USER_PATHS = NO;
				ASSETCATALOG_COMPILER_GENERATE_SWIFT_ASSET_SYMBOL_EXTENSIONS = YES;
				CLANG_ANALYZER_NONNULL = YES;
				CLANG_ANALYZER_NUMBER_OBJECT_CONVERSION = YES_AGGRESSIVE;
				CLANG_CXX_LANGUAGE_STANDARD = "gnu++20";
				CLANG_ENABLE_MODULES = YES;
				CLANG_ENABLE_OBJC_ARC = YES;
				CLANG_ENABLE_OBJC_WEAK = YES;
				CLANG_WARN_BLOCK_CAPTURE_AUTORELEASING = YES;
				CLANG_WARN_BOOL_CONVERSION = YES;
				CLANG_WARN_COMMA = YES;
				CLANG_WARN_CONSTANT_CONVERSION = YES;
				CLANG_WARN_DEPRECATED_OBJC_IMPLEMENTATIONS = YES;
				CLANG_WARN_DIRECT_OBJC_ISA_USAGE = YES_ERROR;
				CLANG_WARN_DOCUMENTATION_COMMENTS = YES;
				CLANG_WARN_EMPTY_BODY = YES;
				CLANG_WARN_ENUM_CONVERSION = YES;
				CLANG_WARN_INFINITE_RECURSION = YES;
				CLANG_WARN_INT_CONVERSION = YES;
				CLANG_WARN_NON_LITERAL_NULL_CONVERSION = YES;
				CLANG_WARN_OBJC_IMPLICIT_RETAIN_SELF = YES;
				CLANG_WARN_OBJC_LITERAL_CONVERSION = YES;
				CLANG_WARN_OBJC_ROOT_CLASS = YES_ERROR;
				CLANG_WARN_QUOTED_INCLUDE_IN_FRAMEWORK_HEADER = YES;
				CLANG_WARN_RANGE_LOOP_ANALYSIS = YES;
				CLANG_WARN_STRICT_PROTOTYPES = YES;
				CLANG_WARN_SUSPICIOUS_MOVE = YES;
				CLANG_WARN_UNGUARDED_AVAILABILITY = YES_AGGRESSIVE;
				CLANG_WARN_UNREACHABLE_CODE = YES;
				CLANG_WARN__DUPLICATE_METHOD_MATCH = YES;
				COPY_PHASE_STRIP = NO;
				DEBUG_INFORMATION_FORMAT = dwarf;
				DEVELOPMENT_TEAM = JSGGNXCXA4;
				ENABLE_STRICT_OBJC_MSGSEND = YES;
				ENABLE_TESTABILITY = YES;
				ENABLE_USER_SCRIPT_SANDBOXING = YES;
				GCC_C_LANGUAGE_STANDARD = gnu17;
				GCC_DYNAMIC_NO_PIC = NO;
				GCC_NO_COMMON_BLOCKS = YES;
				GCC_OPTIMIZATION_LEVEL = 0;
				GCC_PREPROCESSOR_DEFINITIONS = (
					"DEBUG=1",
					"$(inherited)",
				);
				GCC_WARN_64_TO_32_BIT_CONVERSION = YES;
				GCC_WARN_ABOUT_RETURN_TYPE = YES_ERROR;
				GCC_WARN_UNDECLARED_SELECTOR = YES;
				GCC_WARN_UNINITIALIZED_AUTOS = YES_AGGRESSIVE;
				GCC_WARN_UNUSED_FUNCTION = YES;
				GCC_WARN_UNUSED_VARIABLE = YES;
				IPHONEOS_DEPLOYMENT_TARGET = 18.4;
				LOCALIZATION_PREFERS_STRING_CATALOGS = YES;
				MTL_ENABLE_DEBUG_INFO = INCLUDE_SOURCE;
				MTL_FAST_MATH = YES;
				ONLY_ACTIVE_ARCH = YES;
				SDKROOT = iphoneos;
				SWIFT_ACTIVE_COMPILATION_CONDITIONS = "DEBUG $(inherited)";
				SWIFT_OPTIMIZATION_LEVEL = "-Onone";
				SWIFT_VERSION = 6.0;
			};
			name = Debug;
		};
		C17874842DDF3F140034BF31 /* Release configuration for PBXProject "grpc_client_ios" */ = {
			isa = XCBuildConfiguration;
			buildSettings = {
				ALWAYS_SEARCH_USER_PATHS = NO;
				ASSETCATALOG_COMPILER_GENERATE_SWIFT_ASSET_SYMBOL_EXTENSIONS = YES;
				CLANG_ANALYZER_NONNULL = YES;
				CLANG_ANALYZER_NUMBER_OBJECT_CONVERSION = YES_AGGRESSIVE;
				CLANG_CXX_LANGUAGE_STANDARD = "gnu++20";
				CLANG_ENABLE_MODULES = YES;
				CLANG_ENABLE_OBJC_ARC = YES;
				CLANG_ENABLE_OBJC_WEAK = YES;
				CLANG_WARN_BLOCK_CAPTURE_AUTORELEASING = YES;
				CLANG_WARN_BOOL_CONVERSION = YES;
				CLANG_WARN_COMMA = YES;
				CLANG_WARN_CONSTANT_CONVERSION = YES;
				CLANG_WARN_DEPRECATED_OBJC_IMPLEMENTATIONS = YES;
				CLANG_WARN_DIRECT_OBJC_ISA_USAGE = YES_ERROR;
				CLANG_WARN_DOCUMENTATION_COMMENTS = YES;
				CLANG_WARN_EMPTY_BODY = YES;
				CLANG_WARN_ENUM_CONVERSION = YES;
				CLANG_WARN_INFINITE_RECURSION = YES;
				CLANG_WARN_INT_CONVERSION = YES;
				CLANG_WARN_NON_LITERAL_NULL_CONVERSION = YES;
				CLANG_WARN_OBJC_IMPLICIT_RETAIN_SELF = YES;
				CLANG_WARN_OBJC_LITERAL_CONVERSION = YES;
				CLANG_WARN_OBJC_ROOT_CLASS = YES_ERROR;
				CLANG_WARN_QUOTED_INCLUDE_IN_FRAMEWORK_HEADER = YES;
				CLANG_WARN_RANGE_LOOP_ANALYSIS = YES;
				CLANG_WARN_STRICT_PROTOTYPES = YES;
				CLANG_WARN_SUSPICIOUS_MOVE = YES;
				CLANG_WARN_UNGUARDED_AVAILABILITY = YES_AGGRESSIVE;
				CLANG_WARN_UNREACHABLE_CODE = YES;
				CLANG_WARN__DUPLICATE_METHOD_MATCH = YES;
				COPY_PHASE_STRIP = NO;
				DEBUG_INFORMATION_FORMAT = "dwarf-with-dsym";
				DEVELOPMENT_TEAM = JSGGNXCXA4;
				ENABLE_NS_ASSERTIONS = NO;
				ENABLE_STRICT_OBJC_MSGSEND = YES;
				ENABLE_USER_SCRIPT_SANDBOXING = YES;
				GCC_C_LANGUAGE_STANDARD = gnu17;
				GCC_NO_COMMON_BLOCKS = YES;
				GCC_WARN_64_TO_32_BIT_CONVERSION = YES;
				GCC_WARN_ABOUT_RETURN_TYPE = YES_ERROR;
				GCC_WARN_UNDECLARED_SELECTOR = YES;
				GCC_WARN_UNINITIALIZED_AUTOS = YES_AGGRESSIVE;
				GCC_WARN_UNUSED_FUNCTION = YES;
				GCC_WARN_UNUSED_VARIABLE = YES;
				IPHONEOS_DEPLOYMENT_TARGET = 18.4;
				LOCALIZATION_PREFERS_STRING_CATALOGS = YES;
				MTL_ENABLE_DEBUG_INFO = NO;
				MTL_FAST_MATH = YES;
				SDKROOT = iphoneos;
				SWIFT_COMPILATION_MODE = wholemodule;
				SWIFT_VERSION = 6.0;
				VALIDATE_PRODUCT = YES;
			};
			name = Release;
		};
		C17874862DDF3F140034BF31 /* Debug configuration for PBXNativeTarget "grpc_client_ios" */ = {
			isa = XCBuildConfiguration;
			buildSettings = {
				ASSETCATALOG_COMPILER_APPICON_NAME = AppIcon;
				ASSETCATALOG_COMPILER_GLOBAL_ACCENT_COLOR_NAME = AccentColor;
				CODE_SIGN_STYLE = Automatic;
				CURRENT_PROJECT_VERSION = 1;
				DEVELOPMENT_TEAM = JSGGNXCXA4;
				ENABLE_PREVIEWS = YES;
				GENERATE_INFOPLIST_FILE = YES;
				INFOPLIST_KEY_UIApplicationSceneManifest_Generation = YES;
				INFOPLIST_KEY_UIApplicationSupportsIndirectInputEvents = YES;
				INFOPLIST_KEY_UILaunchScreen_Generation = YES;
				INFOPLIST_KEY_UISupportedInterfaceOrientations_iPad = "UIInterfaceOrientationPortrait UIInterfaceOrientationPortraitUpsideDown UIInterfaceOrientationLandscapeLeft UIInterfaceOrientationLandscapeRight";
				INFOPLIST_KEY_UISupportedInterfaceOrientations_iPhone = "UIInterfaceOrientationPortrait UIInterfaceOrientationLandscapeLeft UIInterfaceOrientationLandscapeRight";
				LD_RUNPATH_SEARCH_PATHS = (
					"$(inherited)",
					"@executable_path/Frameworks",
				);
				MARKETING_VERSION = 1.0;
				PRODUCT_BUNDLE_IDENTIFIER = "jp.ac.aitech.grpc-client-ios";
				PRODUCT_NAME = "$(TARGET_NAME)";
				SWIFT_EMIT_LOC_STRINGS = YES;
				SWIFT_VERSION = 5.0;
				TARGETED_DEVICE_FAMILY = "1,2";
			};
			name = Debug;
		};
		C17874872DDF3F140034BF31 /* Release configuration for PBXNativeTarget "grpc_client_ios" */ = {
			isa = XCBuildConfiguration;
			buildSettings = {
				ASSETCATALOG_COMPILER_APPICON_NAME = AppIcon;
				ASSETCATALOG_COMPILER_GLOBAL_ACCENT_COLOR_NAME = AccentColor;
				CODE_SIGN_STYLE = Automatic;
				CURRENT_PROJECT_VERSION = 1;
				DEVELOPMENT_TEAM = JSGGNXCXA4;
				ENABLE_PREVIEWS = YES;
				GENERATE_INFOPLIST_FILE = YES;
				INFOPLIST_KEY_UIApplicationSceneManifest_Generation = YES;
				INFOPLIST_KEY_UIApplicationSupportsIndirectInputEvents = YES;
				INFOPLIST_KEY_UILaunchScreen_Generation = YES;
				INFOPLIST_KEY_UISupportedInterfaceOrientations_iPad = "UIInterfaceOrientationPortrait UIInterfaceOrientationPortraitUpsideDown UIInterfaceOrientationLandscapeLeft UIInterfaceOrientationLandscapeRight";
				INFOPLIST_KEY_UISupportedInterfaceOrientations_iPhone = "UIInterfaceOrientationPortrait UIInterfaceOrientationLandscapeLeft UIInterfaceOrientationLandscapeRight";
				LD_RUNPATH_SEARCH_PATHS = (
					"$(inherited)",
					"@executable_path/Frameworks",
				);
				MARKETING_VERSION = 1.0;
				PRODUCT_BUNDLE_IDENTIFIER = "jp.ac.aitech.grpc-client-ios";
				PRODUCT_NAME = "$(TARGET_NAME)";
				SWIFT_EMIT_LOC_STRINGS = YES;
				SWIFT_VERSION = 5.0;
				TARGETED_DEVICE_FAMILY = "1,2";
			};
			name = Release;
		};
/* End XCBuildConfiguration section */

/* Begin XCConfigurationList section */
		C17874752DDF3F110034BF31 /* Build configuration list for PBXProject "grpc_client_ios" */ = {
			isa = XCConfigurationList;
			buildConfigurations = (
				C17874832DDF3F140034BF31 /* Debug configuration for PBXProject "grpc_client_ios" */,
				C17874842DDF3F140034BF31 /* Release configuration for PBXProject "grpc_client_ios" */,
			);
			defaultConfigurationName = Release;
		};
		C17874852DDF3F140034BF31 /* Build configuration list for PBXNativeTarget "grpc_client_ios" */ = {
			isa = XCConfigurationList;
			buildConfigurations = (
				C17874862DDF3F140034BF31 /* Debug configuration for PBXNativeTarget "grpc_client_ios" */,
				C17874872DDF3F140034BF31 /* Release configuration for PBXNativeTarget "grpc_client_ios" */,
			);
			defaultConfigurationName = Release;
		};
/* End XCConfigurationList section */

/* Begin XCRemoteSwiftPackageReference section */
		C16C55042DE2B5A400C82251 /* XCRemoteSwiftPackageReference "swift-nio-http2" */ = {
			isa = XCRemoteSwiftPackageReference;
			repositoryURL = "https://github.com/apple/swift-nio-http2.git";
			requirement = {
				kind = upToNextMajorVersion;
				minimumVersion = 1.36.0;
			};
		};
		C16C55072DE2B95700C82251 /* XCRemoteSwiftPackageReference "grpc-swift-nio-transport" */ = {
			isa = XCRemoteSwiftPackageReference;
			repositoryURL = "https://github.com/grpc/grpc-swift-nio-transport.git";
			requirement = {
				kind = upToNextMajorVersion;
				minimumVersion = 1.2.1;
			};
		};
		C16C552A2DE33A0F00C82251 /* XCRemoteSwiftPackageReference "grpc-swift-protobuf" */ = {
			isa = XCRemoteSwiftPackageReference;
			repositoryURL = "https://github.com/grpc/grpc-swift-protobuf.git";
			requirement = {
				kind = upToNextMajorVersion;
				minimumVersion = 1.3.0;
			};
		};
		C17874922DDF4A330034BF31 /* XCRemoteSwiftPackageReference "grpc-swift" */ = {
			isa = XCRemoteSwiftPackageReference;
			repositoryURL = "https://github.com/grpc/grpc-swift.git";
			requirement = {
				kind = upToNextMajorVersion;
				minimumVersion = 2.2.1;
			};
		};
		C17874992DDF4A8E0034BF31 /* XCRemoteSwiftPackageReference "swift-protobuf" */ = {
			isa = XCRemoteSwiftPackageReference;
			repositoryURL = "https://github.com/apple/swift-protobuf.git";
			requirement = {
				kind = upToNextMajorVersion;
				minimumVersion = 1.29.0;
			};
		};
		C17874A12DDF4D900034BF31 /* XCRemoteSwiftPackageReference "swift-nio" */ = {
			isa = XCRemoteSwiftPackageReference;
			repositoryURL = "https://github.com/apple/swift-nio.git";
			requirement = {
				kind = upToNextMajorVersion;
				minimumVersion = 2.83.0;
			};
		};
/* End XCRemoteSwiftPackageReference section */

/* Begin XCSwiftPackageProductDependency section */
		C16C55052DE2B5A400C82251 /* NIOHTTP2 */ = {
			isa = XCSwiftPackageProductDependency;
			package = C16C55042DE2B5A400C82251 /* XCRemoteSwiftPackageReference "swift-nio-http2" */;
			productName = NIOHTTP2;
		};
		C16C55082DE2B95700C82251 /* GRPCNIOTransportHTTP2 */ = {
			isa = XCSwiftPackageProductDependency;
			package = C16C55072DE2B95700C82251 /* XCRemoteSwiftPackageReference "grpc-swift-nio-transport" */;
			productName = GRPCNIOTransportHTTP2;
		};
		C16C550A2DE2B95700C82251 /* GRPCNIOTransportHTTP2Posix */ = {
			isa = XCSwiftPackageProductDependency;
			package = C16C55072DE2B95700C82251 /* XCRemoteSwiftPackageReference "grpc-swift-nio-transport" */;
			productName = GRPCNIOTransportHTTP2Posix;
		};
		C16C550C2DE2B95700C82251 /* GRPCNIOTransportHTTP2TransportServices */ = {
			isa = XCSwiftPackageProductDependency;
			package = C16C55072DE2B95700C82251 /* XCRemoteSwiftPackageReference "grpc-swift-nio-transport" */;
			productName = GRPCNIOTransportHTTP2TransportServices;
		};
		C16C552B2DE33A0F00C82251 /* GRPCProtobuf */ = {
			isa = XCSwiftPackageProductDependency;
			package = C16C552A2DE33A0F00C82251 /* XCRemoteSwiftPackageReference "grpc-swift-protobuf" */;
			productName = GRPCProtobuf;
		};
		C17874932DDF4A330034BF31 /* GRPCCodeGen */ = {
			isa = XCSwiftPackageProductDependency;
			package = C17874922DDF4A330034BF31 /* XCRemoteSwiftPackageReference "grpc-swift" */;
			productName = GRPCCodeGen;
		};
		C17874952DDF4A330034BF31 /* GRPCCore */ = {
			isa = XCSwiftPackageProductDependency;
			package = C17874922DDF4A330034BF31 /* XCRemoteSwiftPackageReference "grpc-swift" */;
			productName = GRPCCore;
		};
		C17874972DDF4A330034BF31 /* GRPCInProcessTransport */ = {
			isa = XCSwiftPackageProductDependency;
			package = C17874922DDF4A330034BF31 /* XCRemoteSwiftPackageReference "grpc-swift" */;
			productName = GRPCInProcessTransport;
		};
		C178749A2DDF4A8E0034BF31 /* SwiftProtobuf */ = {
			isa = XCSwiftPackageProductDependency;
			package = C17874992DDF4A8E0034BF31 /* XCRemoteSwiftPackageReference "swift-protobuf" */;
			productName = SwiftProtobuf;
		};
		C178749C2DDF4A8E0034BF31 /* SwiftProtobufPluginLibrary */ = {
			isa = XCSwiftPackageProductDependency;
			package = C17874992DDF4A8E0034BF31 /* XCRemoteSwiftPackageReference "swift-protobuf" */;
			productName = SwiftProtobufPluginLibrary;
		};
		C17874A22DDF4D900034BF31 /* NIO */ = {
			isa = XCSwiftPackageProductDependency;
			package = C17874A12DDF4D900034BF31 /* XCRemoteSwiftPackageReference "swift-nio" */;
			productName = NIO;
		};
		C17874A42DDF55C90034BF31 /* NIOConcurrencyHelpers */ = {
			isa = XCSwiftPackageProductDependency;
			package = C17874A12DDF4D900034BF31 /* XCRemoteSwiftPackageReference "swift-nio" */;
			productName = NIOConcurrencyHelpers;
		};
		C17874A62DDF55C90034BF31 /* NIOCore */ = {
			isa = XCSwiftPackageProductDependency;
			package = C17874A12DDF4D900034BF31 /* XCRemoteSwiftPackageReference "swift-nio" */;
			productName = NIOCore;
		};
		C17874A82DDF55C90034BF31 /* NIOPosix */ = {
			isa = XCSwiftPackageProductDependency;
			package = C17874A12DDF4D900034BF31 /* XCRemoteSwiftPackageReference "swift-nio" */;
			productName = NIOPosix;
		};
		C17874AA2DDF55C90034BF31 /* NIOWebSocket */ = {
			isa = XCSwiftPackageProductDependency;
			package = C17874A12DDF4D900034BF31 /* XCRemoteSwiftPackageReference "swift-nio" */;
			productName = NIOWebSocket;
		};
/* End XCSwiftPackageProductDependency section */
	};
	rootObject = C17874722DDF3F110034BF31 /* Project object */;
}
